
Microsoft Visual Studio Solution File, Format Version 12.00
# Visual Studio 14
VisualStudioVersion = 14.0.25420.1
MinimumVisualStudioVersion = 10.0.40219.1
Project("{FAE04EC0-301F-11D3-BF4B-00C04F79EFBC}") = "HW6", "HW6.csproj", "{28CCA1E3-67ED-4917-AE07-6393AA981B3B}"
EndProject
Project("{FAE04EC0-301F-11D3-BF4B-00C04F79EFBC}") = "PaintServer", "..\PaintServer\PaintServer.csproj", "{FCA8B4C5-6E38-4615-9B4A-A9DC4F8BB108}"
EndProject
Project("{FAE04EC0-301F-11D3-BF4B-00C04F79EFBC}") = "PaintClient", "..\PaintClient\PaintClient.csproj", "{F0F02942-E5F4-4B92-87BB-01595CAEB2C2}"
EndProject
Global
	GlobalSection(SolutionConfigurationPlatforms) = preSolution
		Debug|Any CPU = Debug|Any CPU
		Release|Any CPU = Release|Any CPU
	EndGlobalSection
	GlobalSection(ProjectConfigurationPlatforms) = postSolution
		{28CCA1E3-67ED-4917-AE07-6393AA981B3B}.Debug|Any CPU.ActiveCfg = Debug|Any CPU
		{28CCA1E3-67ED-4917-AE07-6393AA981B3B}.Debug|Any CPU.Build.0 = Debug|Any CPU
		{28CCA1E3-67ED-4917-AE07-6393AA981B3B}.Release|Any CPU.ActiveCfg = Release|Any CPU
		{28CCA1E3-67ED-4917-AE07-6393AA981B3B}.Release|Any CPU.Build.0 = Release|Any CPU
		{FCA8B4C5-6E38-4615-9B4A-A9DC4F8BB108}.Debug|Any CPU.ActiveCfg = Debug|Any CPU
		{FCA8B4C5-6E38-4615-9B4A-A9DC4F8BB108}.Debug|Any CPU.Build.0 = Debug|Any CPU
		{FCA8B4C5-6E38-4615-9B4A-A9DC4F8BB108}.Release|Any CPU.ActiveCfg = Release|Any CPU
		{FCA8B4C5-6E38-4615-9B4A-A9DC4F8BB108}.Release|Any CPU.Build.0 = Release|Any CPU
		{F0F02942-E5F4-4B92-87BB-01595CAEB2C2}.Debug|Any CPU.ActiveCfg = Debug|Any CPU
		{F0F02942-E5F4-4B92-87BB-01595CAEB2C2}.Debug|Any CPU.Build.0 = Debug|Any CPU
		{F0F02942-E5F4-4B92-87BB-01595CAEB2C2}.Release|Any CPU.ActiveCfg = Release|Any CPU
		{F0F02942-E5F4-4B92-87BB-01595CAEB2C2}.Release|Any CPU.Build.0 = Release|Any CPU
	EndGlobalSection
	GlobalSection(SolutionProperties) = preSolution
		HideSolutionNode = FALSE
	EndGlobalSection
EndGlobal
